
Microsoft Visual Studio Solution File, Format Version 12.00
# Visual Studio 15
VisualStudioVersion = 15.0.28307.271
MinimumVisualStudioVersion = 10.0.40219.1
Project("{9A19103F-16F7-4668-BE54-9A1E7A4F7556}") = "Meteostation", "Meteostation\Meteostation.csproj", "{BCF5ED15-B975-45C4-A842-8A96E8BDDE37}"
EndProject
Project("{9A19103F-16F7-4668-BE54-9A1E7A4F7556}") = "EDSDK.NET", "F:\Программирование\Библиотеки\DLL\EDSDK.NET-master\EDSDK.NET\EDSDK.NET.csproj", "{827005A8-F24D-4077-A051-C296E159A2CB}"
EndProject
Project("{FAE04EC0-301F-11D3-BF4B-00C04F79EFBC}") = "Connectoin", "..\NewGen Meteostation\Connectoins\Connectoin.csproj", "{134CABDE-9416-4337-9AB1-2235E9070E66}"
EndProject
Global
	GlobalSection(SolutionConfigurationPlatforms) = preSolution
		Debug|Any CPU = Debug|Any CPU
		Debug|x86 = Debug|x86
		Release|Any CPU = Release|Any CPU
		Release|x86 = Release|x86
	EndGlobalSection
	GlobalSection(ProjectConfigurationPlatforms) = postSolution
		{BCF5ED15-B975-45C4-A842-8A96E8BDDE37}.Debug|Any CPU.ActiveCfg = Debug|Any CPU
		{BCF5ED15-B975-45C4-A842-8A96E8BDDE37}.Debug|Any CPU.Build.0 = Debug|Any CPU
		{BCF5ED15-B975-45C4-A842-8A96E8BDDE37}.Debug|x86.ActiveCfg = Debug|Any CPU
		{BCF5ED15-B975-45C4-A842-8A96E8BDDE37}.Debug|x86.Build.0 = Debug|Any CPU
		{BCF5ED15-B975-45C4-A842-8A96E8BDDE37}.Release|Any CPU.ActiveCfg = Release|Any CPU
		{BCF5ED15-B975-45C4-A842-8A96E8BDDE37}.Release|Any CPU.Build.0 = Release|Any CPU
		{BCF5ED15-B975-45C4-A842-8A96E8BDDE37}.Release|x86.ActiveCfg = Release|Any CPU
		{BCF5ED15-B975-45C4-A842-8A96E8BDDE37}.Release|x86.Build.0 = Release|Any CPU
		{827005A8-F24D-4077-A051-C296E159A2CB}.Debug|Any CPU.ActiveCfg = Debug|Any CPU
		{827005A8-F24D-4077-A051-C296E159A2CB}.Debug|Any CPU.Build.0 = Debug|Any CPU
		{827005A8-F24D-4077-A051-C296E159A2CB}.Debug|x86.ActiveCfg = Debug|Any CPU
		{827005A8-F24D-4077-A051-C296E159A2CB}.Debug|x86.Build.0 = Debug|Any CPU
		{827005A8-F24D-4077-A051-C296E159A2CB}.Release|Any CPU.ActiveCfg = Release|Any CPU
		{827005A8-F24D-4077-A051-C296E159A2CB}.Release|Any CPU.Build.0 = Release|Any CPU
		{827005A8-F24D-4077-A051-C296E159A2CB}.Release|x86.ActiveCfg = Release|Any CPU
		{827005A8-F24D-4077-A051-C296E159A2CB}.Release|x86.Build.0 = Release|Any CPU
		{134CABDE-9416-4337-9AB1-2235E9070E66}.Debug|Any CPU.ActiveCfg = Debug|Any CPU
		{134CABDE-9416-4337-9AB1-2235E9070E66}.Debug|Any CPU.Build.0 = Debug|Any CPU
		{134CABDE-9416-4337-9AB1-2235E9070E66}.Debug|x86.ActiveCfg = Debug|Any CPU
		{134CABDE-9416-4337-9AB1-2235E9070E66}.Debug|x86.Build.0 = Debug|Any CPU
		{134CABDE-9416-4337-9AB1-2235E9070E66}.Release|Any CPU.ActiveCfg = Release|Any CPU
		{134CABDE-9416-4337-9AB1-2235E9070E66}.Release|Any CPU.Build.0 = Release|Any CPU
		{134CABDE-9416-4337-9AB1-2235E9070E66}.Release|x86.ActiveCfg = Release|Any CPU
		{134CABDE-9416-4337-9AB1-2235E9070E66}.Release|x86.Build.0 = Release|Any CPU
	EndGlobalSection
	GlobalSection(SolutionProperties) = preSolution
		HideSolutionNode = FALSE
	EndGlobalSection
	GlobalSection(ExtensibilityGlobals) = postSolution
		SolutionGuid = {599CE46A-64F1-4874-AEBD-43AD7D894E1A}
	EndGlobalSection
EndGlobal
